Microsoft Visual Studio Solution File, Format Version 11.00
# Visual Studio 2008

Project("{00BFC8C7-29F5-D4D5-29A4-12B12C58DDD2}") = "pokemon", "Assembly-CSharp-firstpass.csproj", "{7640B939-92E7-8937-B22B-060AE5F51DF9}"
EndProject
Project("{00BFC8C7-29F5-D4D5-29A4-12B12C58DDD2}") = "pokemon", "Assembly-CSharp.csproj", "{DA511180-072F-9E92-DCB8-5ACD43BD0C51}"
EndProject
Project("{00BFC8C7-29F5-D4D5-29A4-12B12C58DDD2}") = "pokemon", "Assembly-UnityScript-firstpass.unityproj", "{F0AFEDA2-3420-9C80-4E7E-2654BF0C178E}"
EndProject
Global
	GlobalSection(SolutionConfigurationPlatforms) = preSolution
		Debug|Any CPU = Debug|Any CPU
		Release|Any CPU = Release|Any CPU
	EndGlobalSection
	GlobalSection(ProjectConfigurationPlatforms) = postSolution
		{7640B939-92E7-8937-B22B-060AE5F51DF9}.Debug|Any CPU.ActiveCfg = Debug|Any CPU
		{7640B939-92E7-8937-B22B-060AE5F51DF9}.Debug|Any CPU.Build.0 = Debug|Any CPU
		{7640B939-92E7-8937-B22B-060AE5F51DF9}.Release|Any CPU.ActiveCfg = Release|Any CPU
		{7640B939-92E7-8937-B22B-060AE5F51DF9}.Release|Any CPU.Build.0 = Release|Any CPU
		{DA511180-072F-9E92-DCB8-5ACD43BD0C51}.Debug|Any CPU.ActiveCfg = Debug|Any CPU
		{DA511180-072F-9E92-DCB8-5ACD43BD0C51}.Debug|Any CPU.Build.0 = Debug|Any CPU
		{DA511180-072F-9E92-DCB8-5ACD43BD0C51}.Release|Any CPU.ActiveCfg = Release|Any CPU
		{DA511180-072F-9E92-DCB8-5ACD43BD0C51}.Release|Any CPU.Build.0 = Release|Any CPU
		{F0AFEDA2-3420-9C80-4E7E-2654BF0C178E}.Debug|Any CPU.ActiveCfg = Debug|Any CPU
		{F0AFEDA2-3420-9C80-4E7E-2654BF0C178E}.Debug|Any CPU.Build.0 = Debug|Any CPU
		{F0AFEDA2-3420-9C80-4E7E-2654BF0C178E}.Release|Any CPU.ActiveCfg = Release|Any CPU
		{F0AFEDA2-3420-9C80-4E7E-2654BF0C178E}.Release|Any CPU.Build.0 = Release|Any CPU
	EndGlobalSection
	GlobalSection(SolutionProperties) = preSolution
		HideSolutionNode = FALSE
	EndGlobalSection
		GlobalSection(MonoDevelopProperties) = preSolution
		StartupItem = Assembly-CSharp.csproj
		Policies = $0
		$0.TextStylePolicy = $1
		$1.inheritsSet = null
		$1.scope = text/x-csharp
		$0.CSharpFormattingPolicy = $2
		$2.inheritsSet = Mono
		$2.inheritsScope = text/x-csharp
		$2.scope = text/x-csharp
		$0.TextStylePolicy = $3
		$3.FileWidth = 120
		$3.TabWidth = 4
		$3.IndentWidth = 4
		$3.EolMarker = Unix
		$3.inheritsSet = Mono
		$3.inheritsScope = text/plain
		$3.scope = text/plain
	EndGlobalSection

EndGlobal
